
Microsoft Visual Studio Solution File, Format Version 12.00
# Visual Studio Version 16
VisualStudioVersion = 16.0.29519.87
MinimumVisualStudioVersion = 10.0.40219.1
Project("{FAE04EC0-301F-11D3-BF4B-00C04F79EFBC}") = "BinaryFactor.SmartIndentation", "BinaryFactor.SmartIndentation\BinaryFactor.SmartIndentation.csproj", "{EE69EFD5-BB3D-44B9-9A17-C1E43E74F403}"
EndProject
Global
	GlobalSection(SolutionConfigurationPlatforms) = preSolution
		Debug|Any CPU = Debug|Any CPU
		Release|Any CPU = Release|Any CPU
	EndGlobalSection
	GlobalSection(ProjectConfigurationPlatforms) = postSolution
		{EE69EFD5-BB3D-44B9-9A17-C1E43E74F403}.Debug|Any CPU.ActiveCfg = Debug|Any CPU
		{EE69EFD5-BB3D-44B9-9A17-C1E43E74F403}.Debug|Any CPU.Build.0 = Debug|Any CPU
		{EE69EFD5-BB3D-44B9-9A17-C1E43E74F403}.Release|Any CPU.ActiveCfg = Release|Any CPU
		{EE69EFD5-BB3D-44B9-9A17-C1E43E74F403}.Release|Any CPU.Build.0 = Release|Any CPU
	EndGlobalSection
	GlobalSection(SolutionProperties) = preSolution
		HideSolutionNode = FALSE
	EndGlobalSection
	GlobalSection(ExtensibilityGlobals) = postSolution
		SolutionGuid = {04254693-D481-42CE-8F7C-AFD78BD8EF51}
	EndGlobalSection
EndGlobal
