
Microsoft Visual Studio Solution File, Format Version 12.00
# Visual Studio Version 16
VisualStudioVersion = 16.0.29519.87
MinimumVisualStudioVersion = 10.0.40219.1
Project("{9A19103F-16F7-4668-BE54-9A1E7A4F7556}") = "BinaryFactor.InterpolatedTemplates", "BinaryFactor.InterpolatedTemplates\BinaryFactor.InterpolatedTemplates.csproj", "{EE69EFD5-BB3D-44B9-9A17-C1E43E74F403}"
EndProject
Project("{9A19103F-16F7-4668-BE54-9A1E7A4F7556}") = "BinaryFactor.InterpolatedTemplates.Samples", "BinaryFactor.InterpolatedTemplates.Samples\BinaryFactor.InterpolatedTemplates.Samples.csproj", "{A5ACA534-33F8-4B5B-B671-52BEA703F20C}"
EndProject
Project("{FAE04EC0-301F-11D3-BF4B-00C04F79EFBC}") = "BinaryFactor.InterpolatedTemplates.Tests", "BinaryFactor.InterpolatedTemplates.Tests\BinaryFactor.InterpolatedTemplates.Tests.csproj", "{FE5CA82C-2CCC-4E15-B496-55A3954A5627}"
EndProject
Global
	GlobalSection(SolutionConfigurationPlatforms) = preSolution
		Debug|Any CPU = Debug|Any CPU
		Release|Any CPU = Release|Any CPU
	EndGlobalSection
	GlobalSection(ProjectConfigurationPlatforms) = postSolution
		{EE69EFD5-BB3D-44B9-9A17-C1E43E74F403}.Debug|Any CPU.ActiveCfg = Debug|Any CPU
		{EE69EFD5-BB3D-44B9-9A17-C1E43E74F403}.Debug|Any CPU.Build.0 = Debug|Any CPU
		{EE69EFD5-BB3D-44B9-9A17-C1E43E74F403}.Release|Any CPU.ActiveCfg = Release|Any CPU
		{EE69EFD5-BB3D-44B9-9A17-C1E43E74F403}.Release|Any CPU.Build.0 = Release|Any CPU
		{A5ACA534-33F8-4B5B-B671-52BEA703F20C}.Debug|Any CPU.ActiveCfg = Debug|Any CPU
		{A5ACA534-33F8-4B5B-B671-52BEA703F20C}.Debug|Any CPU.Build.0 = Debug|Any CPU
		{A5ACA534-33F8-4B5B-B671-52BEA703F20C}.Release|Any CPU.ActiveCfg = Release|Any CPU
		{A5ACA534-33F8-4B5B-B671-52BEA703F20C}.Release|Any CPU.Build.0 = Release|Any CPU
		{FE5CA82C-2CCC-4E15-B496-55A3954A5627}.Debug|Any CPU.ActiveCfg = Debug|Any CPU
		{FE5CA82C-2CCC-4E15-B496-55A3954A5627}.Debug|Any CPU.Build.0 = Debug|Any CPU
		{FE5CA82C-2CCC-4E15-B496-55A3954A5627}.Release|Any CPU.ActiveCfg = Release|Any CPU
		{FE5CA82C-2CCC-4E15-B496-55A3954A5627}.Release|Any CPU.Build.0 = Release|Any CPU
	EndGlobalSection
	GlobalSection(SolutionProperties) = preSolution
		HideSolutionNode = FALSE
	EndGlobalSection
	GlobalSection(ExtensibilityGlobals) = postSolution
		SolutionGuid = {04254693-D481-42CE-8F7C-AFD78BD8EF51}
	EndGlobalSection
EndGlobal
